
Microsoft Visual Studio Solution File, Format Version 12.00
# Visual Studio Version 17
VisualStudioVersion = 17.0.31903.59
MinimumVisualStudioVersion = 10.0.40219.1
Project("{2150E333-8FDC-42A3-9474-1A3956D46DE8}") = "src", "src", "{0A63A08E-6EEA-44D5-A6F6-829B188A5823}"
EndProject
Project("{FAE04EC0-301F-11D3-BF4B-00C04F79EFBC}") = "SupremeCommanderEditor.Core", "src\SupremeCommanderEditor.Core\SupremeCommanderEditor.Core.csproj", "{99EB2F36-DFD1-4D6F-ADB6-A3C1FD88CFB3}"
EndProject
Project("{FAE04EC0-301F-11D3-BF4B-00C04F79EFBC}") = "SupremeCommanderEditor.Rendering", "src\SupremeCommanderEditor.Rendering\SupremeCommanderEditor.Rendering.csproj", "{7FAE9379-0C4F-4C85-A086-1AAC4D4A6DE3}"
EndProject
Project("{FAE04EC0-301F-11D3-BF4B-00C04F79EFBC}") = "SupremeCommanderEditor.App", "src\SupremeCommanderEditor.App\SupremeCommanderEditor.App.csproj", "{AB1E4197-3D35-4D91-8776-081D3B23FC6E}"
EndProject
Project("{2150E333-8FDC-42A3-9474-1A3956D46DE8}") = "tests", "tests", "{46BE8A79-5170-4EE7-BCC2-7C6C9CE8AB40}"
EndProject
Project("{FAE04EC0-301F-11D3-BF4B-00C04F79EFBC}") = "SupremeCommanderEditor.Core.Tests", "tests\SupremeCommanderEditor.Core.Tests\SupremeCommanderEditor.Core.Tests.csproj", "{31CA3D92-D77E-4EEC-B12F-6FFFA840C979}"
EndProject
Global
	GlobalSection(SolutionConfigurationPlatforms) = preSolution
		Debug|Any CPU = Debug|Any CPU
		Release|Any CPU = Release|Any CPU
	EndGlobalSection
	GlobalSection(SolutionProperties) = preSolution
		HideSolutionNode = FALSE
	EndGlobalSection
	GlobalSection(ProjectConfigurationPlatforms) = postSolution
		{99EB2F36-DFD1-4D6F-ADB6-A3C1FD88CFB3}.Debug|Any CPU.ActiveCfg = Debug|Any CPU
		{99EB2F36-DFD1-4D6F-ADB6-A3C1FD88CFB3}.Debug|Any CPU.Build.0 = Debug|Any CPU
		{99EB2F36-DFD1-4D6F-ADB6-A3C1FD88CFB3}.Release|Any CPU.ActiveCfg = Release|Any CPU
		{99EB2F36-DFD1-4D6F-ADB6-A3C1FD88CFB3}.Release|Any CPU.Build.0 = Release|Any CPU
		{7FAE9379-0C4F-4C85-A086-1AAC4D4A6DE3}.Debug|Any CPU.ActiveCfg = Debug|Any CPU
		{7FAE9379-0C4F-4C85-A086-1AAC4D4A6DE3}.Debug|Any CPU.Build.0 = Debug|Any CPU
		{7FAE9379-0C4F-4C85-A086-1AAC4D4A6DE3}.Release|Any CPU.ActiveCfg = Release|Any CPU
		{7FAE9379-0C4F-4C85-A086-1AAC4D4A6DE3}.Release|Any CPU.Build.0 = Release|Any CPU
		{AB1E4197-3D35-4D91-8776-081D3B23FC6E}.Debug|Any CPU.ActiveCfg = Debug|Any CPU
		{AB1E4197-3D35-4D91-8776-081D3B23FC6E}.Debug|Any CPU.Build.0 = Debug|Any CPU
		{AB1E4197-3D35-4D91-8776-081D3B23FC6E}.Release|Any CPU.ActiveCfg = Release|Any CPU
		{AB1E4197-3D35-4D91-8776-081D3B23FC6E}.Release|Any CPU.Build.0 = Release|Any CPU
		{31CA3D92-D77E-4EEC-B12F-6FFFA840C979}.Debug|Any CPU.ActiveCfg = Debug|Any CPU
		{31CA3D92-D77E-4EEC-B12F-6FFFA840C979}.Debug|Any CPU.Build.0 = Debug|Any CPU
		{31CA3D92-D77E-4EEC-B12F-6FFFA840C979}.Release|Any CPU.ActiveCfg = Release|Any CPU
		{31CA3D92-D77E-4EEC-B12F-6FFFA840C979}.Release|Any CPU.Build.0 = Release|Any CPU
	EndGlobalSection
	GlobalSection(NestedProjects) = preSolution
		{99EB2F36-DFD1-4D6F-ADB6-A3C1FD88CFB3} = {0A63A08E-6EEA-44D5-A6F6-829B188A5823}
		{7FAE9379-0C4F-4C85-A086-1AAC4D4A6DE3} = {0A63A08E-6EEA-44D5-A6F6-829B188A5823}
		{AB1E4197-3D35-4D91-8776-081D3B23FC6E} = {0A63A08E-6EEA-44D5-A6F6-829B188A5823}
		{31CA3D92-D77E-4EEC-B12F-6FFFA840C979} = {46BE8A79-5170-4EE7-BCC2-7C6C9CE8AB40}
	EndGlobalSection
EndGlobal
